// !$*UTF8*$!
{
	archiveVersion = 1;
	classes = {
	};
	objectVersion = 46;
	objects = {

/* Begin PBXBuildFile section */
		A0072ADE0F1D0EC500B4A594 /* sfml-system.framework in Copy Frameworks */ = {isa = PBXBuildFile; fileRef = A01FB6CB0F07CFF2000AAC7B /* sfml-system.framework */; };
		A0072ADF0F1D0EC500B4A594 /* sfml-window.framework in Copy Frameworks */ = {isa = PBXBuildFile; fileRef = A01FB6CC0F07CFF2000AAC7B /* sfml-window.framework */; };
		A0072AE00F1D0EC500B4A594 /* sfml-graphics.framework in Copy Frameworks */ = {isa = PBXBuildFile; fileRef = A01FB6CA0F07CFF2000AAC7B /* sfml-graphics.framework */; };
		A01FB6C90F07CFCE000AAC7B /* main.cpp in Sources */ = {isa = PBXBuildFile; fileRef = A01FB6C80F07CFCE000AAC7B /* main.cpp */; };
		A01FB6CE0F07CFF2000AAC7B /* sfml-graphics.framework in Frameworks */ = {isa = PBXBuildFile; fileRef = A01FB6CA0F07CFF2000AAC7B /* sfml-graphics.framework */; };
		A01FB6CF0F07CFF2000AAC7B /* sfml-system.framework in Frameworks */ = {isa = PBXBuildFile; fileRef = A01FB6CB0F07CFF2000AAC7B /* sfml-system.framework */; };
		A01FB6D00F07CFF2000AAC7B /* sfml-window.framework in Frameworks */ = {isa = PBXBuildFile; fileRef = A01FB6CC0F07CFF2000AAC7B /* sfml-window.framework */; };
		D4199398152CDA7A00C633BF /* AnimSprite.cpp in Sources */ = {isa = PBXBuildFile; fileRef = D4CC8B7F152CD50F0024B826 /* AnimSprite.cpp */; };
		D4199399152CDA7D00C633BF /* Enemy.cpp in Sources */ = {isa = PBXBuildFile; fileRef = D4CC8B81152CD50F0024B826 /* Enemy.cpp */; };
		D419939A152CDA7F00C633BF /* Game.cpp in Sources */ = {isa = PBXBuildFile; fileRef = D4CC8B83152CD50F0024B826 /* Game.cpp */; };
		D419939B152CDA8100C633BF /* Map.cpp in Sources */ = {isa = PBXBuildFile; fileRef = D4CC8B86152CD50F0024B826 /* Map.cpp */; };
		D419939C152CDA8300C633BF /* pch.cpp in Sources */ = {isa = PBXBuildFile; fileRef = D4CC8B88152CD50F0024B826 /* pch.cpp */; };
		D419939D152CDA8500C633BF /* Utility.cpp in Sources */ = {isa = PBXBuildFile; fileRef = D4CC8B8B152CD50F0024B826 /* Utility.cpp */; };
		D41993AB152CDABE00C633BF /* json_spirit_reader.cpp in Sources */ = {isa = PBXBuildFile; fileRef = D41993A1152CDABE00C633BF /* json_spirit_reader.cpp */; };
		D41993AC152CDABE00C633BF /* json_spirit_value.cpp in Sources */ = {isa = PBXBuildFile; fileRef = D41993A6152CDABE00C633BF /* json_spirit_value.cpp */; };
		D41993AD152CDABE00C633BF /* json_spirit_writer.cpp in Sources */ = {isa = PBXBuildFile; fileRef = D41993A8152CDABE00C633BF /* json_spirit_writer.cpp */; };
		D476939D15323F8500D446B9 /* Projectile.cpp in Sources */ = {isa = PBXBuildFile; fileRef = D476939A15323F7E00D446B9 /* Projectile.cpp */; };
		D4B8781815319F6D00D9420D /* SFML.framework in Frameworks */ = {isa = PBXBuildFile; fileRef = A01FB6CD0F07CFF2000AAC7B /* SFML.framework */; };
		D4B878191531A25000D9420D /* Tower.cpp in Sources */ = {isa = PBXBuildFile; fileRef = D4B8781515319B2F00D9420D /* Tower.cpp */; };
		D4C9C6A0152F51430004DFBE /* data in Resources */ = {isa = PBXBuildFile; fileRef = D4C9C69F152F51430004DFBE /* data */; };
		D4C9C6AA152F54B80004DFBE /* libboost_system.dylib in Frameworks */ = {isa = PBXBuildFile; fileRef = D4C9C6A9152F54B80004DFBE /* libboost_system.dylib */; };
		D4C9C6AC152F54C40004DFBE /* libboost_filesystem.dylib in Frameworks */ = {isa = PBXBuildFile; fileRef = D4C9C6AB152F54C40004DFBE /* libboost_filesystem.dylib */; };
		D4C9C6B0152F56C50004DFBE /* libboost_system.dylib in Copy Frameworks */ = {isa = PBXBuildFile; fileRef = D4C9C6A9152F54B80004DFBE /* libboost_system.dylib */; };
		D4C9C6B1152F56C80004DFBE /* libboost_filesystem.dylib in Copy Frameworks */ = {isa = PBXBuildFile; fileRef = D4C9C6AB152F54C40004DFBE /* libboost_filesystem.dylib */; };
		D4C9C6B2152F56CE0004DFBE /* libboost_system.dylib in CopyFiles */ = {isa = PBXBuildFile; fileRef = D4C9C6A9152F54B80004DFBE /* libboost_system.dylib */; };
		D4C9C6B3152F56CF0004DFBE /* libboost_filesystem.dylib in CopyFiles */ = {isa = PBXBuildFile; fileRef = D4C9C6AB152F54C40004DFBE /* libboost_filesystem.dylib */; };
/* End PBXBuildFile section */

/* Begin PBXCopyFilesBuildPhase section */
		A0072AF00F1D0EDD00B4A594 /* Copy Frameworks */ = {
			isa = PBXCopyFilesBuildPhase;
			buildActionMask = 2147483647;
			dstPath = "";
			dstSubfolderSpec = 10;
			files = (
				D4C9C6B0152F56C50004DFBE /* libboost_system.dylib in Copy Frameworks */,
				D4C9C6B1152F56C80004DFBE /* libboost_filesystem.dylib in Copy Frameworks */,
				A0072ADE0F1D0EC500B4A594 /* sfml-system.framework in Copy Frameworks */,
				A0072ADF0F1D0EC500B4A594 /* sfml-window.framework in Copy Frameworks */,
				A0072AE00F1D0EC500B4A594 /* sfml-graphics.framework in Copy Frameworks */,
			);
			name = "Copy Frameworks";
			runOnlyForDeploymentPostprocessing = 0;
		};
		D4C9C6AD152F54E80004DFBE /* CopyFiles */ = {
			isa = PBXCopyFilesBuildPhase;
			buildActionMask = 2147483647;
			dstPath = "";
			dstSubfolderSpec = 6;
			files = (
				D4C9C6B2152F56CE0004DFBE /* libboost_system.dylib in CopyFiles */,
				D4C9C6B3152F56CF0004DFBE /* libboost_filesystem.dylib in CopyFiles */,
			);
			runOnlyForDeploymentPostprocessing = 0;
		};
/* End PBXCopyFilesBuildPhase section */

/* Begin PBXFileReference section */
		A01FB6A90F07CF6E000AAC7B /* Drachen.app */ = {isa = PBXFileReference; explicitFileType = wrapper.application; includeInIndex = 0; path = Drachen.app; sourceTree = BUILT_PRODUCTS_DIR; };
		A01FB6AC0F07CF6E000AAC7B /* Info.plist */ = {isa = PBXFileReference; lastKnownFileType = text.plist.xml; path = Info.plist; sourceTree = "<group>"; };
		A01FB6C80F07CFCE000AAC7B /* main.cpp */ = {isa = PBXFileReference; fileEncoding = 30; lastKnownFileType = sourcecode.cpp.cpp; path = main.cpp; sourceTree = "<group>"; };
		A01FB6CA0F07CFF2000AAC7B /* sfml-graphics.framework */ = {isa = PBXFileReference; lastKnownFileType = wrapper.framework; name = "sfml-graphics.framework"; path = "/Library/Frameworks/sfml-graphics.framework"; sourceTree = "<absolute>"; };
		A01FB6CB0F07CFF2000AAC7B /* sfml-system.framework */ = {isa = PBXFileReference; lastKnownFileType = wrapper.framework; name = "sfml-system.framework"; path = "/Library/Frameworks/sfml-system.framework"; sourceTree = "<absolute>"; };
		A01FB6CC0F07CFF2000AAC7B /* sfml-window.framework */ = {isa = PBXFileReference; lastKnownFileType = wrapper.framework; name = "sfml-window.framework"; path = "/Library/Frameworks/sfml-window.framework"; sourceTree = "<absolute>"; };
		A01FB6CD0F07CFF2000AAC7B /* SFML.framework */ = {isa = PBXFileReference; lastKnownFileType = wrapper.framework; name = SFML.framework; path = /Library/Frameworks/SFML.framework; sourceTree = "<absolute>"; };
		D419939F152CDABE00C633BF /* json_spirit.h */ = {isa = PBXFileReference; fileEncoding = 4; lastKnownFileType = sourcecode.c.h; path = json_spirit.h; sourceTree = "<group>"; };
		D41993A0152CDABE00C633BF /* json_spirit_error_position.h */ = {isa = PBXFileReference; fileEncoding = 4; lastKnownFileType = sourcecode.c.h; path = json_spirit_error_position.h; sourceTree = "<group>"; };
		D41993A1152CDABE00C633BF /* json_spirit_reader.cpp */ = {isa = PBXFileReference; fileEncoding = 4; lastKnownFileType = sourcecode.cpp.cpp; path = json_spirit_reader.cpp; sourceTree = "<group>"; };
		D41993A2152CDABE00C633BF /* json_spirit_reader.h */ = {isa = PBXFileReference; fileEncoding = 4; lastKnownFileType = sourcecode.c.h; path = json_spirit_reader.h; sourceTree = "<group>"; };
		D41993A3152CDABE00C633BF /* json_spirit_reader_template.h */ = {isa = PBXFileReference; fileEncoding = 4; lastKnownFileType = sourcecode.c.h; path = json_spirit_reader_template.h; sourceTree = "<group>"; };
		D41993A4152CDABE00C633BF /* json_spirit_stream_reader.h */ = {isa = PBXFileReference; fileEncoding = 4; lastKnownFileType = sourcecode.c.h; path = json_spirit_stream_reader.h; sourceTree = "<group>"; };
		D41993A5152CDABE00C633BF /* json_spirit_utils.h */ = {isa = PBXFileReference; fileEncoding = 4; lastKnownFileType = sourcecode.c.h; path = json_spirit_utils.h; sourceTree = "<group>"; };
		D41993A6152CDABE00C633BF /* json_spirit_value.cpp */ = {isa = PBXFileReference; fileEncoding = 4; lastKnownFileType = sourcecode.cpp.cpp; path = json_spirit_value.cpp; sourceTree = "<group>"; };
		D41993A7152CDABE00C633BF /* json_spirit_value.h */ = {isa = PBXFileReference; fileEncoding = 4; lastKnownFileType = sourcecode.c.h; path = json_spirit_value.h; sourceTree = "<group>"; };
		D41993A8152CDABE00C633BF /* json_spirit_writer.cpp */ = {isa = PBXFileReference; fileEncoding = 4; lastKnownFileType = sourcecode.cpp.cpp; path = json_spirit_writer.cpp; sourceTree = "<group>"; };
		D41993A9152CDABE00C633BF /* json_spirit_writer.h */ = {isa = PBXFileReference; fileEncoding = 4; lastKnownFileType = sourcecode.c.h; path = json_spirit_writer.h; sourceTree = "<group>"; };
		D41993AA152CDABE00C633BF /* json_spirit_writer_template.h */ = {isa = PBXFileReference; fileEncoding = 4; lastKnownFileType = sourcecode.c.h; path = json_spirit_writer_template.h; sourceTree = "<group>"; };
		D476939A15323F7E00D446B9 /* Projectile.cpp */ = {isa = PBXFileReference; lastKnownFileType = sourcecode.cpp.cpp; path = Projectile.cpp; sourceTree = "<group>"; };
		D476939B15323F7E00D446B9 /* Projectile.h */ = {isa = PBXFileReference; lastKnownFileType = sourcecode.c.h; path = Projectile.h; sourceTree = "<group>"; };
		D4B8781515319B2F00D9420D /* Tower.cpp */ = {isa = PBXFileReference; lastKnownFileType = sourcecode.cpp.cpp; path = Tower.cpp; sourceTree = "<group>"; };
		D4B8781615319B2F00D9420D /* Tower.h */ = {isa = PBXFileReference; lastKnownFileType = sourcecode.c.h; path = Tower.h; sourceTree = "<group>"; };
		D4C9C69F152F51430004DFBE /* data */ = {isa = PBXFileReference; lastKnownFileType = folder; path = data; sourceTree = "<group>"; };
		D4C9C6A9152F54B80004DFBE /* libboost_system.dylib */ = {isa = PBXFileReference; lastKnownFileType = "compiled.mach-o.dylib"; name = libboost_system.dylib; path = ../../boost_clang/stage/lib/libboost_system.dylib; sourceTree = "<group>"; };
		D4C9C6AB152F54C40004DFBE /* libboost_filesystem.dylib */ = {isa = PBXFileReference; lastKnownFileType = "compiled.mach-o.dylib"; name = libboost_filesystem.dylib; path = ../../boost_clang/stage/lib/libboost_filesystem.dylib; sourceTree = "<group>"; };
		D4CC8B7F152CD50F0024B826 /* AnimSprite.cpp */ = {isa = PBXFileReference; lastKnownFileType = sourcecode.cpp.cpp; path = AnimSprite.cpp; sourceTree = "<group>"; };
		D4CC8B80152CD50F0024B826 /* AnimSprite.h */ = {isa = PBXFileReference; lastKnownFileType = sourcecode.c.h; path = AnimSprite.h; sourceTree = "<group>"; };
		D4CC8B81152CD50F0024B826 /* Enemy.cpp */ = {isa = PBXFileReference; lastKnownFileType = sourcecode.cpp.cpp; path = Enemy.cpp; sourceTree = "<group>"; };
		D4CC8B82152CD50F0024B826 /* Enemy.h */ = {isa = PBXFileReference; lastKnownFileType = sourcecode.c.h; path = Enemy.h; sourceTree = "<group>"; };
		D4CC8B83152CD50F0024B826 /* Game.cpp */ = {isa = PBXFileReference; lastKnownFileType = sourcecode.cpp.cpp; path = Game.cpp; sourceTree = "<group>"; };
		D4CC8B84152CD50F0024B826 /* Game.h */ = {isa = PBXFileReference; lastKnownFileType = sourcecode.c.h; path = Game.h; sourceTree = "<group>"; };
		D4CC8B85152CD50F0024B826 /* GlobalStatus.h */ = {isa = PBXFileReference; lastKnownFileType = sourcecode.c.h; path = GlobalStatus.h; sourceTree = "<group>"; };
		D4CC8B86152CD50F0024B826 /* Map.cpp */ = {isa = PBXFileReference; lastKnownFileType = sourcecode.cpp.cpp; path = Map.cpp; sourceTree = "<group>"; };
		D4CC8B87152CD50F0024B826 /* Map.h */ = {isa = PBXFileReference; lastKnownFileType = sourcecode.c.h; path = Map.h; sourceTree = "<group>"; };
		D4CC8B88152CD50F0024B826 /* pch.cpp */ = {isa = PBXFileReference; lastKnownFileType = sourcecode.cpp.cpp; path = pch.cpp; sourceTree = "<group>"; };
		D4CC8B89152CD50F0024B826 /* pch.h */ = {isa = PBXFileReference; lastKnownFileType = sourcecode.c.h; path = pch.h; sourceTree = "<group>"; };
		D4CC8B8A152CD50F0024B826 /* State.h */ = {isa = PBXFileReference; lastKnownFileType = sourcecode.c.h; path = State.h; sourceTree = "<group>"; };
		D4CC8B8B152CD50F0024B826 /* Utility.cpp */ = {isa = PBXFileReference; lastKnownFileType = sourcecode.cpp.cpp; path = Utility.cpp; sourceTree = "<group>"; };
		D4CC8B8C152CD50F0024B826 /* Utility.h */ = {isa = PBXFileReference; lastKnownFileType = sourcecode.c.h; path = Utility.h; sourceTree = "<group>"; };
/* End PBXFileReference section */

/* Begin PBXFrameworksBuildPhase section */
		A01FB6A70F07CF6E000AAC7B /* Frameworks */ = {
			isa = PBXFrameworksBuildPhase;
			buildActionMask = 2147483647;
			files = (
				D4B8781815319F6D00D9420D /* SFML.framework in Frameworks */,
				A01FB6CE0F07CFF2000AAC7B /* sfml-graphics.framework in Frameworks */,
				A01FB6CF0F07CFF2000AAC7B /* sfml-system.framework in Frameworks */,
				A01FB6D00F07CFF2000AAC7B /* sfml-window.framework in Frameworks */,
				D4C9C6AA152F54B80004DFBE /* libboost_system.dylib in Frameworks */,
				D4C9C6AC152F54C40004DFBE /* libboost_filesystem.dylib in Frameworks */,
			);
			runOnlyForDeploymentPostprocessing = 0;
		};
/* End PBXFrameworksBuildPhase section */

/* Begin PBXGroup section */
		A01FB69A0F07CF63000AAC7B = {
			isa = PBXGroup;
			children = (
				A01FB6B20F07CF80000AAC7B /* Sources */,
				A01FB6B10F07CF7C000AAC7B /* Resources */,
				A01FB6B00F07CF75000AAC7B /* Frameworks */,
				A01FB6AA0F07CF6E000AAC7B /* Products */,
			);
			sourceTree = "<group>";
		};
		A01FB6AA0F07CF6E000AAC7B /* Products */ = {
			isa = PBXGroup;
			children = (
				A01FB6A90F07CF6E000AAC7B /* Drachen.app */,
			);
			name = Products;
			sourceTree = "<group>";
		};
		A01FB6B00F07CF75000AAC7B /* Frameworks */ = {
			isa = PBXGroup;
			children = (
				D4C9C6A9152F54B80004DFBE /* libboost_system.dylib */,
				D4C9C6AB152F54C40004DFBE /* libboost_filesystem.dylib */,
				A01FB6CD0F07CFF2000AAC7B /* SFML.framework */,
				A01FB6CB0F07CFF2000AAC7B /* sfml-system.framework */,
				A01FB6CC0F07CFF2000AAC7B /* sfml-window.framework */,
				A01FB6CA0F07CFF2000AAC7B /* sfml-graphics.framework */,
			);
			name = Frameworks;
			sourceTree = "<group>";
		};
		A01FB6B10F07CF7C000AAC7B /* Resources */ = {
			isa = PBXGroup;
			children = (
				D4C9C69F152F51430004DFBE /* data */,
				A01FB6AC0F07CF6E000AAC7B /* Info.plist */,
			);
			name = Resources;
			sourceTree = "<group>";
		};
		A01FB6B20F07CF80000AAC7B /* Sources */ = {
			isa = PBXGroup;
			children = (
				D419939E152CDABE00C633BF /* json_spirit */,
				A01FB6C80F07CFCE000AAC7B /* main.cpp */,
				D4CC8B7F152CD50F0024B826 /* AnimSprite.cpp */,
				D4CC8B80152CD50F0024B826 /* AnimSprite.h */,
				D4CC8B81152CD50F0024B826 /* Enemy.cpp */,
				D4CC8B82152CD50F0024B826 /* Enemy.h */,
				D4CC8B83152CD50F0024B826 /* Game.cpp */,
				D4CC8B84152CD50F0024B826 /* Game.h */,
				D4CC8B85152CD50F0024B826 /* GlobalStatus.h */,
				D4CC8B86152CD50F0024B826 /* Map.cpp */,
				D4CC8B87152CD50F0024B826 /* Map.h */,
				D4CC8B88152CD50F0024B826 /* pch.cpp */,
				D4CC8B89152CD50F0024B826 /* pch.h */,
				D476939A15323F7E00D446B9 /* Projectile.cpp */,
				D476939B15323F7E00D446B9 /* Projectile.h */,
				D4CC8B8A152CD50F0024B826 /* State.h */,
				D4B8781515319B2F00D9420D /* Tower.cpp */,
				D4B8781615319B2F00D9420D /* Tower.h */,
				D4CC8B8B152CD50F0024B826 /* Utility.cpp */,
				D4CC8B8C152CD50F0024B826 /* Utility.h */,
			);
			name = Sources;
			sourceTree = "<group>";
		};
		D419939E152CDABE00C633BF /* json_spirit */ = {
			isa = PBXGroup;
			children = (
				D419939F152CDABE00C633BF /* json_spirit.h */,
				D41993A0152CDABE00C633BF /* json_spirit_error_position.h */,
				D41993A1152CDABE00C633BF /* json_spirit_reader.cpp */,
				D41993A2152CDABE00C633BF /* json_spirit_reader.h */,
				D41993A3152CDABE00C633BF /* json_spirit_reader_template.h */,
				D41993A4152CDABE00C633BF /* json_spirit_stream_reader.h */,
				D41993A5152CDABE00C633BF /* json_spirit_utils.h */,
				D41993A6152CDABE00C633BF /* json_spirit_value.cpp */,
				D41993A7152CDABE00C633BF /* json_spirit_value.h */,
				D41993A8152CDABE00C633BF /* json_spirit_writer.cpp */,
				D41993A9152CDABE00C633BF /* json_spirit_writer.h */,
				D41993AA152CDABE00C633BF /* json_spirit_writer_template.h */,
			);
			path = json_spirit;
			sourceTree = "<group>";
		};
/* End PBXGroup section */

/* Begin PBXNativeTarget section */
		A01FB6A80F07CF6E000AAC7B /* Drachen */ = {
			isa = PBXNativeTarget;
			buildConfigurationList = A01FB6AF0F07CF6F000AAC7B /* Build configuration list for PBXNativeTarget "Drachen" */;
			buildPhases = (
				A01FB6A50F07CF6E000AAC7B /* Resources */,
				A01FB6A60F07CF6E000AAC7B /* Sources */,
				A01FB6A70F07CF6E000AAC7B /* Frameworks */,
				A0072AF00F1D0EDD00B4A594 /* Copy Frameworks */,
				D4C9C6AD152F54E80004DFBE /* CopyFiles */,
			);
			buildRules = (
			);
			dependencies = (
			);
			name = Drachen;
			productName = "«PROJECTNAME»";
			productReference = A01FB6A90F07CF6E000AAC7B /* Drachen.app */;
			productType = "com.apple.product-type.application";
		};
/* End PBXNativeTarget section */

/* Begin PBXProject section */
		A01FB69C0F07CF63000AAC7B /* Project object */ = {
			isa = PBXProject;
			attributes = {
				LastUpgradeCheck = 0430;
			};
			buildConfigurationList = A01FB69F0F07CF63000AAC7B /* Build configuration list for PBXProject "Drachen" */;
			compatibilityVersion = "Xcode 3.2";
			developmentRegion = English;
			hasScannedForEncodings = 0;
			knownRegions = (
				en,
			);
			mainGroup = A01FB69A0F07CF63000AAC7B;
			productRefGroup = A01FB6AA0F07CF6E000AAC7B /* Products */;
			projectDirPath = "";
			projectRoot = "";
			targets = (
				A01FB6A80F07CF6E000AAC7B /* Drachen */,
			);
		};
/* End PBXProject section */

/* Begin PBXResourcesBuildPhase section */
		A01FB6A50F07CF6E000AAC7B /* Resources */ = {
			isa = PBXResourcesBuildPhase;
			buildActionMask = 2147483647;
			files = (
				D4C9C6A0152F51430004DFBE /* data in Resources */,
			);
			runOnlyForDeploymentPostprocessing = 0;
		};
/* End PBXResourcesBuildPhase section */

/* Begin PBXSourcesBuildPhase section */
		A01FB6A60F07CF6E000AAC7B /* Sources */ = {
			isa = PBXSourcesBuildPhase;
			buildActionMask = 2147483647;
			files = (
				A01FB6C90F07CFCE000AAC7B /* main.cpp in Sources */,
				D419939B152CDA8100C633BF /* Map.cpp in Sources */,
				D419939A152CDA7F00C633BF /* Game.cpp in Sources */,
				D419939D152CDA8500C633BF /* Utility.cpp in Sources */,
				D4199398152CDA7A00C633BF /* AnimSprite.cpp in Sources */,
				D419939C152CDA8300C633BF /* pch.cpp in Sources */,
				D4199399152CDA7D00C633BF /* Enemy.cpp in Sources */,
				D4B878191531A25000D9420D /* Tower.cpp in Sources */,
				D41993AB152CDABE00C633BF /* json_spirit_reader.cpp in Sources */,
				D41993AC152CDABE00C633BF /* json_spirit_value.cpp in Sources */,
				D41993AD152CDABE00C633BF /* json_spirit_writer.cpp in Sources */,
				D476939D15323F8500D446B9 /* Projectile.cpp in Sources */,
			);
			runOnlyForDeploymentPostprocessing = 0;
		};
/* End PBXSourcesBuildPhase section */

/* Begin XCBuildConfiguration section */
		A01FB69D0F07CF63000AAC7B /* Debug */ = {
			isa = XCBuildConfiguration;
			buildSettings = {
				ARCHS = "$(ARCHS_STANDARD_64_BIT)";
				COPY_PHASE_STRIP = NO;
				GCC_VERSION = com.apple.compilers.llvm.clang.1_0;
				OTHER_LDFLAGS = (
					"-L/Users/wutzi/src/boost_1_49_0/stage/lib",
					"-lboost_system",
					"-lboost_filesystem",
				);
			};
			name = Debug;
		};
		A01FB69E0F07CF63000AAC7B /* Release */ = {
			isa = XCBuildConfiguration;
			buildSettings = {
				ARCHS = "$(ARCHS_STANDARD_64_BIT)";
				COPY_PHASE_STRIP = YES;
				GCC_VERSION = com.apple.compilers.llvm.clang.1_0;
				OTHER_LDFLAGS = (
					"-L/Users/wutzi/src/boost_1_49_0/stage/lib",
					"-lboost_system",
					"-lboost_filesystem",
				);
			};
			name = Release;
		};
		A01FB6AD0F07CF6F000AAC7B /* Debug */ = {
			isa = XCBuildConfiguration;
			buildSettings = {
				ALWAYS_SEARCH_USER_PATHS = NO;
				ARCHS = "$(ARCHS_STANDARD_64_BIT)";
				CLANG_CXX_LANGUAGE_STANDARD = "c++0x";
				CLANG_CXX_LIBRARY = "compiler-default";
				COPY_PHASE_STRIP = NO;
				DEAD_CODE_STRIPPING = YES;
				GCC_DYNAMIC_NO_PIC = NO;
				GCC_LINK_WITH_DYNAMIC_LIBRARIES = NO;
				GCC_MODEL_TUNING = G5;
				GCC_OPTIMIZATION_LEVEL = s;
				GCC_PRECOMPILE_PREFIX_HEADER = YES;
				GCC_PREFIX_HEADER = pch.h;
				GCC_UNROLL_LOOPS = YES;
				GCC_VERSION = com.apple.compilers.llvm.clang.1_0;
				INFOPLIST_FILE = Info.plist;
				INSTALL_PATH = "$(HOME)/Applications";
				LIBRARY_SEARCH_PATHS = (
					"$(inherited)",
					"\"$(SRCROOT)/../../boost_clang/stage/lib\"",
				);
				LINKER_DISPLAYS_MANGLED_NAMES = YES;
				LLVM_LTO = YES;
				OTHER_LDFLAGS = "-v";
				PRODUCT_NAME = Drachen;
				RUN_CLANG_STATIC_ANALYZER = YES;
				VALID_ARCHS = "x86_64 i386";
			};
			name = Debug;
		};
		A01FB6AE0F07CF6F000AAC7B /* Release */ = {
			isa = XCBuildConfiguration;
			buildSettings = {
				ALWAYS_SEARCH_USER_PATHS = NO;
				ARCHS = "$(ARCHS_STANDARD_64_BIT)";
				CLANG_CXX_LANGUAGE_STANDARD = "c++0x";
				CLANG_CXX_LIBRARY = "compiler-default";
				COPY_PHASE_STRIP = YES;
				DEAD_CODE_STRIPPING = YES;
				DEBUG_INFORMATION_FORMAT = "dwarf-with-dsym";
				GCC_LINK_WITH_DYNAMIC_LIBRARIES = NO;
				GCC_MODEL_TUNING = G5;
				GCC_PRECOMPILE_PREFIX_HEADER = YES;
				GCC_PREFIX_HEADER = pch.h;
				GCC_UNROLL_LOOPS = YES;
				GCC_VERSION = com.apple.compilers.llvm.clang.1_0;
				INFOPLIST_FILE = Info.plist;
				INSTALL_PATH = "$(HOME)/Applications";
				LIBRARY_SEARCH_PATHS = (
					"$(inherited)",
					"\"$(SRCROOT)/../../boost_clang/stage/lib\"",
				);
				LINKER_DISPLAYS_MANGLED_NAMES = YES;
				LLVM_LTO = YES;
				OTHER_LDFLAGS = "-v";
				PRODUCT_NAME = Drachen;
				RUN_CLANG_STATIC_ANALYZER = YES;
				VALID_ARCHS = "x86_64 i386";
				ZERO_LINK = NO;
			};
			name = Release;
		};
/* End XCBuildConfiguration section */

/* Begin XCConfigurationList section */
		A01FB69F0F07CF63000AAC7B /* Build configuration list for PBXProject "Drachen" */ = {
			isa = XCConfigurationList;
			buildConfigurations = (
				A01FB69D0F07CF63000AAC7B /* Debug */,
				A01FB69E0F07CF63000AAC7B /* Release */,
			);
			defaultConfigurationIsVisible = 0;
			defaultConfigurationName = Release;
		};
		A01FB6AF0F07CF6F000AAC7B /* Build configuration list for PBXNativeTarget "Drachen" */ = {
			isa = XCConfigurationList;
			buildConfigurations = (
				A01FB6AD0F07CF6F000AAC7B /* Debug */,
				A01FB6AE0F07CF6F000AAC7B /* Release */,
			);
			defaultConfigurationIsVisible = 0;
			defaultConfigurationName = Release;
		};
/* End XCConfigurationList section */
	};
	rootObject = A01FB69C0F07CF63000AAC7B /* Project object */;
}
